
Microsoft Visual Studio Solution File, Format Version 12.00
# Visual Studio 15
VisualStudioVersion = 15.0.28307.489
MinimumVisualStudioVersion = 10.0.40219.1
Project("{9A19103F-16F7-4668-BE54-9A1E7A4F7556}") = "UnitTesting", "UnitTesting\UnitTesting.csproj", "{C6790845-0D34-48B6-B9C3-8D0F414641A6}"
EndProject
Project("{FAE04EC0-301F-11D3-BF4B-00C04F79EFBC}") = "XUnitTestProject1", "XUnitTestProject1\XUnitTestProject1.csproj", "{F6E03302-52D5-4242-A169-22F1C903D0F1}"
EndProject
Global
	GlobalSection(SolutionConfigurationPlatforms) = preSolution
		Debug|Any CPU = Debug|Any CPU
		Release|Any CPU = Release|Any CPU
	EndGlobalSection
	GlobalSection(ProjectConfigurationPlatforms) = postSolution
		{C6790845-0D34-48B6-B9C3-8D0F414641A6}.Debug|Any CPU.ActiveCfg = Debug|Any CPU
		{C6790845-0D34-48B6-B9C3-8D0F414641A6}.Debug|Any CPU.Build.0 = Debug|Any CPU
		{C6790845-0D34-48B6-B9C3-8D0F414641A6}.Release|Any CPU.ActiveCfg = Release|Any CPU
		{C6790845-0D34-48B6-B9C3-8D0F414641A6}.Release|Any CPU.Build.0 = Release|Any CPU
		{F6E03302-52D5-4242-A169-22F1C903D0F1}.Debug|Any CPU.ActiveCfg = Debug|Any CPU
		{F6E03302-52D5-4242-A169-22F1C903D0F1}.Debug|Any CPU.Build.0 = Debug|Any CPU
		{F6E03302-52D5-4242-A169-22F1C903D0F1}.Release|Any CPU.ActiveCfg = Release|Any CPU
		{F6E03302-52D5-4242-A169-22F1C903D0F1}.Release|Any CPU.Build.0 = Release|Any CPU
	EndGlobalSection
	GlobalSection(SolutionProperties) = preSolution
		HideSolutionNode = FALSE
	EndGlobalSection
	GlobalSection(ExtensibilityGlobals) = postSolution
		SolutionGuid = {8BF21845-9418-4391-9FF7-B952E7955E0E}
	EndGlobalSection
EndGlobal
